
Microsoft Visual Studio Solution File, Format Version 12.00
# Visual Studio Version 17
VisualStudioVersion = 17.0.31903.59
MinimumVisualStudioVersion = 10.0.40219.1
Project("{FAE04EC0-301F-11D3-BF4B-00C04F79EFBC}") = "Servicio", "Servicio\Servicio.csproj", "{0A75F562-1A93-4748-9560-280F731C25D2}"
EndProject
Project("{FAE04EC0-301F-11D3-BF4B-00C04F79EFBC}") = "WebApi", "WebApi\WebApi.csproj", "{CA58F7BB-63A7-40B4-9A98-1678EAAD528C}"
EndProject
Global
	GlobalSection(SolutionConfigurationPlatforms) = preSolution
		Debug|Any CPU = Debug|Any CPU
		Release|Any CPU = Release|Any CPU
	EndGlobalSection
	GlobalSection(SolutionProperties) = preSolution
		HideSolutionNode = FALSE
	EndGlobalSection
	GlobalSection(ProjectConfigurationPlatforms) = postSolution
		{0A75F562-1A93-4748-9560-280F731C25D2}.Debug|Any CPU.ActiveCfg = Debug|Any CPU
		{0A75F562-1A93-4748-9560-280F731C25D2}.Debug|Any CPU.Build.0 = Debug|Any CPU
		{0A75F562-1A93-4748-9560-280F731C25D2}.Release|Any CPU.ActiveCfg = Release|Any CPU
		{0A75F562-1A93-4748-9560-280F731C25D2}.Release|Any CPU.Build.0 = Release|Any CPU
		{CA58F7BB-63A7-40B4-9A98-1678EAAD528C}.Debug|Any CPU.ActiveCfg = Debug|Any CPU
		{CA58F7BB-63A7-40B4-9A98-1678EAAD528C}.Debug|Any CPU.Build.0 = Debug|Any CPU
		{CA58F7BB-63A7-40B4-9A98-1678EAAD528C}.Release|Any CPU.ActiveCfg = Release|Any CPU
		{CA58F7BB-63A7-40B4-9A98-1678EAAD528C}.Release|Any CPU.Build.0 = Release|Any CPU
	EndGlobalSection
EndGlobal
